
Microsoft Visual Studio Solution File, Format Version 12.00
# Visual Studio Version 17
VisualStudioVersion = 17.3.32922.545
MinimumVisualStudioVersion = 10.0.40219.1
Project("{FAE04EC0-301F-11D3-BF4B-00C04F79EFBC}") = "Equipment", "Equipment\Equipment.csproj", "{3730EA96-5E7C-4414-BE50-CFA2F1DC0713}"
EndProject
Global
	GlobalSection(SolutionConfigurationPlatforms) = preSolution
		Debug|Any CPU = Debug|Any CPU
		Release|Any CPU = Release|Any CPU
	EndGlobalSection
	GlobalSection(ProjectConfigurationPlatforms) = postSolution
		{3730EA96-5E7C-4414-BE50-CFA2F1DC0713}.Debug|Any CPU.ActiveCfg = Debug|Any CPU
		{3730EA96-5E7C-4414-BE50-CFA2F1DC0713}.Debug|Any CPU.Build.0 = Debug|Any CPU
		{3730EA96-5E7C-4414-BE50-CFA2F1DC0713}.Release|Any CPU.ActiveCfg = Release|Any CPU
		{3730EA96-5E7C-4414-BE50-CFA2F1DC0713}.Release|Any CPU.Build.0 = Release|Any CPU
	EndGlobalSection
	GlobalSection(SolutionProperties) = preSolution
		HideSolutionNode = FALSE
	EndGlobalSection
	GlobalSection(ExtensibilityGlobals) = postSolution
		SolutionGuid = {BEAE5611-0ED3-42BB-A979-692204F45839}
	EndGlobalSection
EndGlobal
